
Microsoft Visual Studio Solution File, Format Version 12.00
# Visual Studio Version 16
VisualStudioVersion = 16.0.31424.327
MinimumVisualStudioVersion = 10.0.40219.1
Project("{FAE04EC0-301F-11D3-BF4B-00C04F79EFBC}") = "EstudoInterfaceGenerica.Api", "EstudoInterfaceGenerica.Api\EstudoInterfaceGenerica.Api.csproj", "{CD530BCD-4D59-4660-AE3E-95D74E33E514}"
EndProject
Project("{FAE04EC0-301F-11D3-BF4B-00C04F79EFBC}") = "Data.Domain", "Data.Domain\Data.Domain.csproj", "{11A507EA-8D5A-4A51-8EAB-14015FB01C89}"
EndProject
Project("{FAE04EC0-301F-11D3-BF4B-00C04F79EFBC}") = "Data.App", "Data.App\Data.App.csproj", "{81ADFF52-F19C-4769-B5BD-6E8F58CD4147}"
EndProject
Project("{FAE04EC0-301F-11D3-BF4B-00C04F79EFBC}") = "Data.Infra", "Data.Infra\Data.Infra.csproj", "{68E80917-0A91-4092-87D9-0520479BC08C}"
EndProject
Global
	GlobalSection(SolutionConfigurationPlatforms) = preSolution
		Debug|Any CPU = Debug|Any CPU
		Release|Any CPU = Release|Any CPU
	EndGlobalSection
	GlobalSection(ProjectConfigurationPlatforms) = postSolution
		{CD530BCD-4D59-4660-AE3E-95D74E33E514}.Debug|Any CPU.ActiveCfg = Debug|Any CPU
		{CD530BCD-4D59-4660-AE3E-95D74E33E514}.Debug|Any CPU.Build.0 = Debug|Any CPU
		{CD530BCD-4D59-4660-AE3E-95D74E33E514}.Release|Any CPU.ActiveCfg = Release|Any CPU
		{CD530BCD-4D59-4660-AE3E-95D74E33E514}.Release|Any CPU.Build.0 = Release|Any CPU
		{11A507EA-8D5A-4A51-8EAB-14015FB01C89}.Debug|Any CPU.ActiveCfg = Debug|Any CPU
		{11A507EA-8D5A-4A51-8EAB-14015FB01C89}.Debug|Any CPU.Build.0 = Debug|Any CPU
		{11A507EA-8D5A-4A51-8EAB-14015FB01C89}.Release|Any CPU.ActiveCfg = Release|Any CPU
		{11A507EA-8D5A-4A51-8EAB-14015FB01C89}.Release|Any CPU.Build.0 = Release|Any CPU
		{81ADFF52-F19C-4769-B5BD-6E8F58CD4147}.Debug|Any CPU.ActiveCfg = Debug|Any CPU
		{81ADFF52-F19C-4769-B5BD-6E8F58CD4147}.Debug|Any CPU.Build.0 = Debug|Any CPU
		{81ADFF52-F19C-4769-B5BD-6E8F58CD4147}.Release|Any CPU.ActiveCfg = Release|Any CPU
		{81ADFF52-F19C-4769-B5BD-6E8F58CD4147}.Release|Any CPU.Build.0 = Release|Any CPU
		{68E80917-0A91-4092-87D9-0520479BC08C}.Debug|Any CPU.ActiveCfg = Debug|Any CPU
		{68E80917-0A91-4092-87D9-0520479BC08C}.Debug|Any CPU.Build.0 = Debug|Any CPU
		{68E80917-0A91-4092-87D9-0520479BC08C}.Release|Any CPU.ActiveCfg = Release|Any CPU
		{68E80917-0A91-4092-87D9-0520479BC08C}.Release|Any CPU.Build.0 = Release|Any CPU
	EndGlobalSection
	GlobalSection(SolutionProperties) = preSolution
		HideSolutionNode = FALSE
	EndGlobalSection
	GlobalSection(ExtensibilityGlobals) = postSolution
		SolutionGuid = {149E28C0-B7E7-4F67-91AD-4DE1BF2E474B}
	EndGlobalSection
EndGlobal
